
Microsoft Visual Studio Solution File, Format Version 12.00
# Visual Studio Version 16
VisualStudioVersion = 16.0.29509.3
MinimumVisualStudioVersion = 10.0.40219.1
Project("{FAE04EC0-301F-11D3-BF4B-00C04F79EFBC}") = "GigHub", "GigHub\GigHub.csproj", "{7917137C-DABB-43E1-90BD-9F103695CAF4}"
EndProject
Project("{FAE04EC0-301F-11D3-BF4B-00C04F79EFBC}") = "GigHub.Tests", "GigHub.Tests\GigHub.Tests.csproj", "{23208BF6-7A67-43F4-B432-B7E0A7FAE061}"
EndProject
Project("{FAE04EC0-301F-11D3-BF4B-00C04F79EFBC}") = "GigHub.IntegrationTests", "GigHub.IntegrationTests\GigHub.IntegrationTests.csproj", "{6471E55F-907E-4DC2-95D7-D3F41C71E07D}"
EndProject
Global
	GlobalSection(SolutionConfigurationPlatforms) = preSolution
		Debug|Any CPU = Debug|Any CPU
		Release|Any CPU = Release|Any CPU
	EndGlobalSection
	GlobalSection(ProjectConfigurationPlatforms) = postSolution
		{7917137C-DABB-43E1-90BD-9F103695CAF4}.Debug|Any CPU.ActiveCfg = Debug|Any CPU
		{7917137C-DABB-43E1-90BD-9F103695CAF4}.Debug|Any CPU.Build.0 = Debug|Any CPU
		{7917137C-DABB-43E1-90BD-9F103695CAF4}.Release|Any CPU.ActiveCfg = Release|Any CPU
		{7917137C-DABB-43E1-90BD-9F103695CAF4}.Release|Any CPU.Build.0 = Release|Any CPU
		{23208BF6-7A67-43F4-B432-B7E0A7FAE061}.Debug|Any CPU.ActiveCfg = Debug|Any CPU
		{23208BF6-7A67-43F4-B432-B7E0A7FAE061}.Debug|Any CPU.Build.0 = Debug|Any CPU
		{23208BF6-7A67-43F4-B432-B7E0A7FAE061}.Release|Any CPU.ActiveCfg = Release|Any CPU
		{23208BF6-7A67-43F4-B432-B7E0A7FAE061}.Release|Any CPU.Build.0 = Release|Any CPU
		{6471E55F-907E-4DC2-95D7-D3F41C71E07D}.Debug|Any CPU.ActiveCfg = Debug|Any CPU
		{6471E55F-907E-4DC2-95D7-D3F41C71E07D}.Debug|Any CPU.Build.0 = Debug|Any CPU
		{6471E55F-907E-4DC2-95D7-D3F41C71E07D}.Release|Any CPU.ActiveCfg = Release|Any CPU
		{6471E55F-907E-4DC2-95D7-D3F41C71E07D}.Release|Any CPU.Build.0 = Release|Any CPU
	EndGlobalSection
	GlobalSection(SolutionProperties) = preSolution
		HideSolutionNode = FALSE
	EndGlobalSection
	GlobalSection(ExtensibilityGlobals) = postSolution
		SolutionGuid = {CC44D364-B2BC-42E4-8B0C-0E1AA4EAC8CF}
	EndGlobalSection
EndGlobal
